
Microsoft Visual Studio Solution File, Format Version 12.00
# Visual Studio Version 17
VisualStudioVersion = 17.5.002.0
MinimumVisualStudioVersion = 10.0.40219.1
Project("{9A19103F-16F7-4668-BE54-9A1E7A4F7556}") = "BlazorWeatherApp", "BlazorWeatherApp.csproj", "{B3419538-4D43-46DE-B69C-7716B1B0DE11}"
EndProject
Global
	GlobalSection(SolutionConfigurationPlatforms) = preSolution
		Debug|Any CPU = Debug|Any CPU
		Release|Any CPU = Release|Any CPU
	EndGlobalSection
	GlobalSection(ProjectConfigurationPlatforms) = postSolution
		{B3419538-4D43-46DE-B69C-7716B1B0DE11}.Debug|Any CPU.ActiveCfg = Debug|Any CPU
		{B3419538-4D43-46DE-B69C-7716B1B0DE11}.Debug|Any CPU.Build.0 = Debug|Any CPU
		{B3419538-4D43-46DE-B69C-7716B1B0DE11}.Release|Any CPU.ActiveCfg = Release|Any CPU
		{B3419538-4D43-46DE-B69C-7716B1B0DE11}.Release|Any CPU.Build.0 = Release|Any CPU
	EndGlobalSection
	GlobalSection(SolutionProperties) = preSolution
		HideSolutionNode = FALSE
	EndGlobalSection
	GlobalSection(ExtensibilityGlobals) = postSolution
		SolutionGuid = {319D0F07-D530-4173-8858-3833B55FD5BF}
	EndGlobalSection
EndGlobal
